
Microsoft Visual Studio Solution File, Format Version 12.00
# Visual Studio Version 16
VisualStudioVersion = 16.0.30621.155
MinimumVisualStudioVersion = 10.0.40219.1
Project("{8BC9CEB8-8B4A-11D0-8D11-00A0C91BC942}") = "Second_training", "Second_training\Second_training.vcxproj", "{B305B8E4-DB23-48BD-A4C6-40FC9E12D571}"
EndProject
Global
	GlobalSection(SolutionConfigurationPlatforms) = preSolution
		Debug|x64 = Debug|x64
		Debug|x86 = Debug|x86
		Release|x64 = Release|x64
		Release|x86 = Release|x86
	EndGlobalSection
	GlobalSection(ProjectConfigurationPlatforms) = postSolution
		{B305B8E4-DB23-48BD-A4C6-40FC9E12D571}.Debug|x64.ActiveCfg = Debug|x64
		{B305B8E4-DB23-48BD-A4C6-40FC9E12D571}.Debug|x64.Build.0 = Debug|x64
		{B305B8E4-DB23-48BD-A4C6-40FC9E12D571}.Debug|x86.ActiveCfg = Debug|Win32
		{B305B8E4-DB23-48BD-A4C6-40FC9E12D571}.Debug|x86.Build.0 = Debug|Win32
		{B305B8E4-DB23-48BD-A4C6-40FC9E12D571}.Release|x64.ActiveCfg = Release|x64
		{B305B8E4-DB23-48BD-A4C6-40FC9E12D571}.Release|x64.Build.0 = Release|x64
		{B305B8E4-DB23-48BD-A4C6-40FC9E12D571}.Release|x86.ActiveCfg = Release|Win32
		{B305B8E4-DB23-48BD-A4C6-40FC9E12D571}.Release|x86.Build.0 = Release|Win32
	EndGlobalSection
	GlobalSection(SolutionProperties) = preSolution
		HideSolutionNode = FALSE
	EndGlobalSection
	GlobalSection(ExtensibilityGlobals) = postSolution
		SolutionGuid = {1577CBDE-D510-4288-B7DE-DC4050A178CD}
	EndGlobalSection
EndGlobal
